
Microsoft Visual Studio Solution File, Format Version 12.00
# Visual Studio Version 16
VisualStudioVersion = 16.0.30114.105
MinimumVisualStudioVersion = 10.0.40219.1
Project("{FAE04EC0-301F-11D3-BF4B-00C04F79EFBC}") = "Delivery_ADO", "Delivery_ADO\Delivery_ADO.csproj", "{4C095157-A08E-42C5-84EA-C40B311A905E}"
EndProject
Global
	GlobalSection(SolutionConfigurationPlatforms) = preSolution
		Debug|Any CPU = Debug|Any CPU
		Release|Any CPU = Release|Any CPU
	EndGlobalSection
	GlobalSection(ProjectConfigurationPlatforms) = postSolution
		{4C095157-A08E-42C5-84EA-C40B311A905E}.Debug|Any CPU.ActiveCfg = Debug|Any CPU
		{4C095157-A08E-42C5-84EA-C40B311A905E}.Debug|Any CPU.Build.0 = Debug|Any CPU
		{4C095157-A08E-42C5-84EA-C40B311A905E}.Release|Any CPU.ActiveCfg = Release|Any CPU
		{4C095157-A08E-42C5-84EA-C40B311A905E}.Release|Any CPU.Build.0 = Release|Any CPU
	EndGlobalSection
	GlobalSection(SolutionProperties) = preSolution
		HideSolutionNode = FALSE
	EndGlobalSection
	GlobalSection(ExtensibilityGlobals) = postSolution
		SolutionGuid = {6FE99D04-8993-4C69-A34E-87661397127F}
	EndGlobalSection
EndGlobal
